
Microsoft Visual Studio Solution File, Format Version 12.00
# Visual Studio 15
VisualStudioVersion = 15.0.26730.16
MinimumVisualStudioVersion = 10.0.40219.1
Project("{8BC9CEB8-8B4A-11D0-8D11-00A0C91BC942}") = "line-sort", "line-sort.vcxproj", "{E922E41F-597F-49D7-8203-6C59D0970C1D}"
EndProject
Project("{8BC9CEB8-8B4A-11D0-8D11-00A0C91BC942}") = "test", "test\test.vcxproj", "{88B5BD5E-75F3-4381-BB38-C66C7F22E148}"
EndProject
Global
	GlobalSection(SolutionConfigurationPlatforms) = preSolution
		Debug|x64 = Debug|x64
		Debug|x86 = Debug|x86
		Release|x64 = Release|x64
		Release|x86 = Release|x86
	EndGlobalSection
	GlobalSection(ProjectConfigurationPlatforms) = postSolution
		{E922E41F-597F-49D7-8203-6C59D0970C1D}.Debug|x64.ActiveCfg = Debug|x64
		{E922E41F-597F-49D7-8203-6C59D0970C1D}.Debug|x64.Build.0 = Debug|x64
		{E922E41F-597F-49D7-8203-6C59D0970C1D}.Debug|x86.ActiveCfg = Debug|Win32
		{E922E41F-597F-49D7-8203-6C59D0970C1D}.Debug|x86.Build.0 = Debug|Win32
		{E922E41F-597F-49D7-8203-6C59D0970C1D}.Release|x64.ActiveCfg = Release|x64
		{E922E41F-597F-49D7-8203-6C59D0970C1D}.Release|x64.Build.0 = Release|x64
		{E922E41F-597F-49D7-8203-6C59D0970C1D}.Release|x86.ActiveCfg = Release|Win32
		{E922E41F-597F-49D7-8203-6C59D0970C1D}.Release|x86.Build.0 = Release|Win32
		{88B5BD5E-75F3-4381-BB38-C66C7F22E148}.Debug|x64.ActiveCfg = Debug|x64
		{88B5BD5E-75F3-4381-BB38-C66C7F22E148}.Debug|x64.Build.0 = Debug|x64
		{88B5BD5E-75F3-4381-BB38-C66C7F22E148}.Debug|x86.ActiveCfg = Debug|Win32
		{88B5BD5E-75F3-4381-BB38-C66C7F22E148}.Debug|x86.Build.0 = Debug|Win32
		{88B5BD5E-75F3-4381-BB38-C66C7F22E148}.Release|x64.ActiveCfg = Release|x64
		{88B5BD5E-75F3-4381-BB38-C66C7F22E148}.Release|x64.Build.0 = Release|x64
		{88B5BD5E-75F3-4381-BB38-C66C7F22E148}.Release|x86.ActiveCfg = Release|Win32
		{88B5BD5E-75F3-4381-BB38-C66C7F22E148}.Release|x86.Build.0 = Release|Win32
	EndGlobalSection
	GlobalSection(SolutionProperties) = preSolution
		HideSolutionNode = FALSE
	EndGlobalSection
	GlobalSection(ExtensibilityGlobals) = postSolution
		SolutionGuid = {FDF3BB5C-9E6C-43AD-BE3B-96955E9A080B}
	EndGlobalSection
EndGlobal
